
Microsoft Visual Studio Solution File, Format Version 12.00
# Visual Studio Version 16
VisualStudioVersion = 16.0.31129.286
MinimumVisualStudioVersion = 10.0.40219.1
Project("{FAE04EC0-301F-11D3-BF4B-00C04F79EFBC}") = "Database", "Database\Database.csproj", "{550E74F7-88D9-493A-A542-ADE32266810F}"
EndProject
Project("{FAE04EC0-301F-11D3-BF4B-00C04F79EFBC}") = "GDCui", "GDCui\GDCui.csproj", "{15B63C9B-9DE0-4BCD-BD92-412B0ECA5B0C}"
EndProject
Global
	GlobalSection(SolutionConfigurationPlatforms) = preSolution
		Debug|Any CPU = Debug|Any CPU
		Release|Any CPU = Release|Any CPU
	EndGlobalSection
	GlobalSection(ProjectConfigurationPlatforms) = postSolution
		{550E74F7-88D9-493A-A542-ADE32266810F}.Debug|Any CPU.ActiveCfg = Debug|Any CPU
		{550E74F7-88D9-493A-A542-ADE32266810F}.Debug|Any CPU.Build.0 = Debug|Any CPU
		{550E74F7-88D9-493A-A542-ADE32266810F}.Release|Any CPU.ActiveCfg = Release|Any CPU
		{550E74F7-88D9-493A-A542-ADE32266810F}.Release|Any CPU.Build.0 = Release|Any CPU
		{15B63C9B-9DE0-4BCD-BD92-412B0ECA5B0C}.Debug|Any CPU.ActiveCfg = Debug|Any CPU
		{15B63C9B-9DE0-4BCD-BD92-412B0ECA5B0C}.Debug|Any CPU.Build.0 = Debug|Any CPU
		{15B63C9B-9DE0-4BCD-BD92-412B0ECA5B0C}.Release|Any CPU.ActiveCfg = Release|Any CPU
		{15B63C9B-9DE0-4BCD-BD92-412B0ECA5B0C}.Release|Any CPU.Build.0 = Release|Any CPU
	EndGlobalSection
	GlobalSection(SolutionProperties) = preSolution
		HideSolutionNode = FALSE
	EndGlobalSection
	GlobalSection(ExtensibilityGlobals) = postSolution
		SolutionGuid = {D22147A0-25C7-4403-9575-705CC0733494}
	EndGlobalSection
EndGlobal
